// !$*UTF8*$!
{
	archiveVersion = 1;
	classes = {
	};
	objectVersion = 77;
	objects = {

/* Begin PBXBuildFile section */
		673019122E562DE10048092A /* WavelengthWatchApp Watch App.app in Embed Watch Content */ = {isa = PBXBuildFile; fileRef = 673019112E562DE10048092A /* WavelengthWatchApp Watch App.app */; settings = {ATTRIBUTES = (RemoveHeadersOnCopy, ); }; };
/* End PBXBuildFile section */

/* Begin PBXContainerItemProxy section */
		673019132E562DE10048092A /* PBXContainerItemProxy */ = {
			isa = PBXContainerItemProxy;
			containerPortal = 673019052E562DE10048092A /* Project object */;
			proxyType = 1;
			remoteGlobalIDString = 673019102E562DE10048092A;
			remoteInfo = "WavelengthWatchApp Watch App";
		};
		673019212E562DE20048092A /* PBXContainerItemProxy */ = {
			isa = PBXContainerItemProxy;
			containerPortal = 673019052E562DE10048092A /* Project object */;
			proxyType = 1;
			remoteGlobalIDString = 673019102E562DE10048092A;
			remoteInfo = "WavelengthWatchApp Watch App";
		};
		6730192B2E562DE20048092A /* PBXContainerItemProxy */ = {
			isa = PBXContainerItemProxy;
			containerPortal = 673019052E562DE10048092A /* Project object */;
			proxyType = 1;
			remoteGlobalIDString = 673019102E562DE10048092A;
			remoteInfo = "WavelengthWatchApp Watch App";
		};
/* End PBXContainerItemProxy section */

/* Begin PBXCopyFilesBuildPhase section */
		673019372E562DE20048092A /* Embed Watch Content */ = {
			isa = PBXCopyFilesBuildPhase;
			buildActionMask = 2147483647;
			dstPath = "$(CONTENTS_FOLDER_PATH)/Watch";
			dstSubfolderSpec = 16;
			files = (
				673019122E562DE10048092A /* WavelengthWatchApp Watch App.app in Embed Watch Content */,
			);
			name = "Embed Watch Content";
			runOnlyForDeploymentPostprocessing = 0;
		};
/* End PBXCopyFilesBuildPhase section */

/* Begin PBXFileReference section */
		6730190B2E562DE10048092A /* WavelengthWatchApp.app */ = {isa = PBXFileReference; explicitFileType = wrapper.application; includeInIndex = 0; path = WavelengthWatchApp.app; sourceTree = BUILT_PRODUCTS_DIR; };
		673019112E562DE10048092A /* WavelengthWatchApp Watch App.app */ = {isa = PBXFileReference; explicitFileType = wrapper.application; includeInIndex = 0; path = "WavelengthWatchApp Watch App.app"; sourceTree = BUILT_PRODUCTS_DIR; };
		673019202E562DE20048092A /* WavelengthWatchApp Watch AppTests.xctest */ = {isa = PBXFileReference; explicitFileType = wrapper.cfbundle; includeInIndex = 0; path = "WavelengthWatchApp Watch AppTests.xctest"; sourceTree = BUILT_PRODUCTS_DIR; };
		6730192A2E562DE20048092A /* WavelengthWatchApp Watch AppUITests.xctest */ = {isa = PBXFileReference; explicitFileType = wrapper.cfbundle; includeInIndex = 0; path = "WavelengthWatchApp Watch AppUITests.xctest"; sourceTree = BUILT_PRODUCTS_DIR; };
/* End PBXFileReference section */

/* Begin PBXFileSystemSynchronizedRootGroup section */
		673019152E562DE10048092A /* Sources */ = {
			isa = PBXFileSystemSynchronizedRootGroup;
			path = Sources;
			sourceTree = "<group>";
		};
		673019232E562DE20048092A /* Tests */ = {
			isa = PBXFileSystemSynchronizedRootGroup;
			path = Tests;
			sourceTree = "<group>";
		};
		6730192D2E562DE20048092A /* UITests */ = {
			isa = PBXFileSystemSynchronizedRootGroup;
			path = UITests;
			sourceTree = "<group>";
		};
/* End PBXFileSystemSynchronizedRootGroup section */

/* Begin PBXFrameworksBuildPhase section */
		6730190E2E562DE10048092A /* Frameworks */ = {
			isa = PBXFrameworksBuildPhase;
			buildActionMask = 2147483647;
			files = (
			);
			runOnlyForDeploymentPostprocessing = 0;
		};
		6730191D2E562DE20048092A /* Frameworks */ = {
			isa = PBXFrameworksBuildPhase;
			buildActionMask = 2147483647;
			files = (
			);
			runOnlyForDeploymentPostprocessing = 0;
		};
		673019272E562DE20048092A /* Frameworks */ = {
			isa = PBXFrameworksBuildPhase;
			buildActionMask = 2147483647;
			files = (
			);
			runOnlyForDeploymentPostprocessing = 0;
		};
/* End PBXFrameworksBuildPhase section */

/* Begin PBXGroup section */
		673019042E562DE10048092A = {
			isa = PBXGroup;
			children = (
				673019152E562DE10048092A /* Sources */,
				673019232E562DE20048092A /* Tests */,
				6730192D2E562DE20048092A /* UITests */,
				6730190C2E562DE10048092A /* Products */,
			);
			sourceTree = "<group>";
		};
		6730190C2E562DE10048092A /* Products */ = {
			isa = PBXGroup;
			children = (
				6730190B2E562DE10048092A /* WavelengthWatchApp.app */,
				673019112E562DE10048092A /* WavelengthWatchApp Watch App.app */,
				673019202E562DE20048092A /* WavelengthWatchApp Watch AppTests.xctest */,
				6730192A2E562DE20048092A /* WavelengthWatchApp Watch AppUITests.xctest */,
			);
			name = Products;
			sourceTree = "<group>";
		};
/* End PBXGroup section */

/* Begin PBXNativeTarget section */
		6730190A2E562DE10048092A /* WavelengthWatchApp */ = {
			isa = PBXNativeTarget;
			buildConfigurationList = 673019382E562DE20048092A /* Build configuration list for PBXNativeTarget "WavelengthWatchApp" */;
			buildPhases = (
				673019092E562DE10048092A /* Resources */,
				673019372E562DE20048092A /* Embed Watch Content */,
			);
			buildRules = (
			);
			dependencies = (
				673019142E562DE10048092A /* PBXTargetDependency */,
			);
			name = WavelengthWatchApp;
			packageProductDependencies = (
			);
			productName = WavelengthWatchApp;
			productReference = 6730190B2E562DE10048092A /* WavelengthWatchApp.app */;
			productType = "com.apple.product-type.application.watchapp2-container";
		};
		673019102E562DE10048092A /* WavelengthWatchApp Watch App */ = {
			isa = PBXNativeTarget;
			buildConfigurationList = 673019342E562DE20048092A /* Build configuration list for PBXNativeTarget "WavelengthWatchApp Watch App" */;
			buildPhases = (
				6730190D2E562DE10048092A /* Sources */,
				6730190E2E562DE10048092A /* Frameworks */,
				6730190F2E562DE10048092A /* Resources */,
			);
			buildRules = (
			);
			dependencies = (
			);
			fileSystemSynchronizedGroups = (
				673019152E562DE10048092A /* Sources */,
			);
			name = "WavelengthWatchApp Watch App";
			packageProductDependencies = (
			);
			productName = "WavelengthWatchApp Watch App";
			productReference = 673019112E562DE10048092A /* WavelengthWatchApp Watch App.app */;
			productType = "com.apple.product-type.application";
		};
		6730191F2E562DE20048092A /* WavelengthWatchApp Watch AppTests */ = {
			isa = PBXNativeTarget;
			buildConfigurationList = 6730193B2E562DE20048092A /* Build configuration list for PBXNativeTarget "WavelengthWatchApp Watch AppTests" */;
			buildPhases = (
				6730191C2E562DE20048092A /* Sources */,
				6730191D2E562DE20048092A /* Frameworks */,
				6730191E2E562DE20048092A /* Resources */,
			);
			buildRules = (
			);
			dependencies = (
				673019222E562DE20048092A /* PBXTargetDependency */,
			);
			fileSystemSynchronizedGroups = (
				673019232E562DE20048092A /* Tests */,
			);
			name = "WavelengthWatchApp Watch AppTests";
			packageProductDependencies = (
			);
			productName = "WavelengthWatchApp Watch AppTests";
			productReference = 673019202E562DE20048092A /* WavelengthWatchApp Watch AppTests.xctest */;
			productType = "com.apple.product-type.bundle.unit-test";
		};
		673019292E562DE20048092A /* WavelengthWatchApp Watch AppUITests */ = {
			isa = PBXNativeTarget;
			buildConfigurationList = 6730193E2E562DE20048092A /* Build configuration list for PBXNativeTarget "WavelengthWatchApp Watch AppUITests" */;
			buildPhases = (
				673019262E562DE20048092A /* Sources */,
				673019272E562DE20048092A /* Frameworks */,
				673019282E562DE20048092A /* Resources */,
			);
			buildRules = (
			);
			dependencies = (
				6730192C2E562DE20048092A /* PBXTargetDependency */,
			);
			fileSystemSynchronizedGroups = (
				6730192D2E562DE20048092A /* UITests */,
			);
			name = "WavelengthWatchApp Watch AppUITests";
			packageProductDependencies = (
			);
			productName = "WavelengthWatchApp Watch AppUITests";
			productReference = 6730192A2E562DE20048092A /* WavelengthWatchApp Watch AppUITests.xctest */;
			productType = "com.apple.product-type.bundle.ui-testing";
		};
/* End PBXNativeTarget section */

/* Begin PBXProject section */
		673019052E562DE10048092A /* Project object */ = {
			isa = PBXProject;
			attributes = {
				BuildIndependentTargetsInParallel = 1;
				LastSwiftUpdateCheck = 1640;
				LastUpgradeCheck = 1640;
				TargetAttributes = {
					6730190A2E562DE10048092A = {
						CreatedOnToolsVersion = 16.4;
					};
					673019102E562DE10048092A = {
						CreatedOnToolsVersion = 16.4;
					};
					6730191F2E562DE20048092A = {
						CreatedOnToolsVersion = 16.4;
						TestTargetID = 673019102E562DE10048092A;
					};
					673019292E562DE20048092A = {
						CreatedOnToolsVersion = 16.4;
						TestTargetID = 673019102E562DE10048092A;
					};
				};
			};
			buildConfigurationList = 673019082E562DE10048092A /* Build configuration list for PBXProject "WavelengthWatchApp" */;
			developmentRegion = en;
			hasScannedForEncodings = 0;
			knownRegions = (
				en,
				Base,
			);
			mainGroup = 673019042E562DE10048092A;
			minimizedProjectReferenceProxies = 1;
			preferredProjectObjectVersion = 77;
			productRefGroup = 6730190C2E562DE10048092A /* Products */;
			projectDirPath = "";
			projectRoot = "";
			targets = (
				6730190A2E562DE10048092A /* WavelengthWatchApp */,
				673019102E562DE10048092A /* WavelengthWatchApp Watch App */,
				6730191F2E562DE20048092A /* WavelengthWatchApp Watch AppTests */,
				673019292E562DE20048092A /* WavelengthWatchApp Watch AppUITests */,
			);
		};
/* End PBXProject section */

/* Begin PBXResourcesBuildPhase section */
		673019092E562DE10048092A /* Resources */ = {
			isa = PBXResourcesBuildPhase;
			buildActionMask = 2147483647;
			files = (
			);
			runOnlyForDeploymentPostprocessing = 0;
		};
		6730190F2E562DE10048092A /* Resources */ = {
			isa = PBXResourcesBuildPhase;
			buildActionMask = 2147483647;
			files = (
			);
			runOnlyForDeploymentPostprocessing = 0;
		};
		6730191E2E562DE20048092A /* Resources */ = {
			isa = PBXResourcesBuildPhase;
			buildActionMask = 2147483647;
			files = (
			);
			runOnlyForDeploymentPostprocessing = 0;
		};
		673019282E562DE20048092A /* Resources */ = {
			isa = PBXResourcesBuildPhase;
			buildActionMask = 2147483647;
			files = (
			);
			runOnlyForDeploymentPostprocessing = 0;
		};
/* End PBXResourcesBuildPhase section */

/* Begin PBXSourcesBuildPhase section */
		6730190D2E562DE10048092A /* Sources */ = {
			isa = PBXSourcesBuildPhase;
			buildActionMask = 2147483647;
			files = (
			);
			runOnlyForDeploymentPostprocessing = 0;
		};
		6730191C2E562DE20048092A /* Sources */ = {
			isa = PBXSourcesBuildPhase;
			buildActionMask = 2147483647;
			files = (
			);
			runOnlyForDeploymentPostprocessing = 0;
		};
		673019262E562DE20048092A /* Sources */ = {
			isa = PBXSourcesBuildPhase;
			buildActionMask = 2147483647;
			files = (
			);
			runOnlyForDeploymentPostprocessing = 0;
		};
/* End PBXSourcesBuildPhase section */

/* Begin PBXTargetDependency section */
		673019142E562DE10048092A /* PBXTargetDependency */ = {
			isa = PBXTargetDependency;
			target = 673019102E562DE10048092A /* WavelengthWatchApp Watch App */;
			targetProxy = 673019132E562DE10048092A /* PBXContainerItemProxy */;
		};
		673019222E562DE20048092A /* PBXTargetDependency */ = {
			isa = PBXTargetDependency;
			target = 673019102E562DE10048092A /* WavelengthWatchApp Watch App */;
			targetProxy = 673019212E562DE20048092A /* PBXContainerItemProxy */;
		};
		6730192C2E562DE20048092A /* PBXTargetDependency */ = {
			isa = PBXTargetDependency;
			target = 673019102E562DE10048092A /* WavelengthWatchApp Watch App */;
			targetProxy = 6730192B2E562DE20048092A /* PBXContainerItemProxy */;
		};
/* End PBXTargetDependency section */

/* Begin XCBuildConfiguration section */
		673019322E562DE20048092A /* Debug */ = {
			isa = XCBuildConfiguration;
			buildSettings = {
				ALWAYS_SEARCH_USER_PATHS = NO;
				ASSETCATALOG_COMPILER_GENERATE_SWIFT_ASSET_SYMBOL_EXTENSIONS = YES;
				CLANG_ANALYZER_NONNULL = YES;
				CLANG_ANALYZER_NUMBER_OBJECT_CONVERSION = YES_AGGRESSIVE;
				CLANG_CXX_LANGUAGE_STANDARD = "gnu++20";
				CLANG_ENABLE_MODULES = YES;
				CLANG_ENABLE_OBJC_ARC = YES;
				CLANG_ENABLE_OBJC_WEAK = YES;
				CLANG_WARN_BLOCK_CAPTURE_AUTORELEASING = YES;
				CLANG_WARN_BOOL_CONVERSION = YES;
				CLANG_WARN_COMMA = YES;
				CLANG_WARN_CONSTANT_CONVERSION = YES;
				CLANG_WARN_DEPRECATED_OBJC_IMPLEMENTATIONS = YES;
				CLANG_WARN_DIRECT_OBJC_ISA_USAGE = YES_ERROR;
				CLANG_WARN_DOCUMENTATION_COMMENTS = YES;
				CLANG_WARN_EMPTY_BODY = YES;
				CLANG_WARN_ENUM_CONVERSION = YES;
				CLANG_WARN_INFINITE_RECURSION = YES;
				CLANG_WARN_INT_CONVERSION = YES;
				CLANG_WARN_NON_LITERAL_NULL_CONVERSION = YES;
				CLANG_WARN_OBJC_IMPLICIT_RETAIN_SELF = YES;
				CLANG_WARN_OBJC_LITERAL_CONVERSION = YES;
				CLANG_WARN_OBJC_ROOT_CLASS = YES_ERROR;
				CLANG_WARN_QUOTED_INCLUDE_IN_FRAMEWORK_HEADER = YES;
				CLANG_WARN_RANGE_LOOP_ANALYSIS = YES;
				CLANG_WARN_STRICT_PROTOTYPES = YES;
				CLANG_WARN_SUSPICIOUS_MOVE = YES;
				CLANG_WARN_UNGUARDED_AVAILABILITY = YES_AGGRESSIVE;
				CLANG_WARN_UNREACHABLE_CODE = YES;
				CLANG_WARN__DUPLICATE_METHOD_MATCH = YES;
				COPY_PHASE_STRIP = NO;
				DEBUG_INFORMATION_FORMAT = dwarf;
				ENABLE_STRICT_OBJC_MSGSEND = YES;
				ENABLE_TESTABILITY = YES;
				ENABLE_USER_SCRIPT_SANDBOXING = YES;
				GCC_C_LANGUAGE_STANDARD = gnu17;
				GCC_DYNAMIC_NO_PIC = NO;
				GCC_NO_COMMON_BLOCKS = YES;
				GCC_OPTIMIZATION_LEVEL = 0;
				GCC_PREPROCESSOR_DEFINITIONS = (
					"DEBUG=1",
					"$(inherited)",
				);
				GCC_WARN_64_TO_32_BIT_CONVERSION = YES;
				GCC_WARN_ABOUT_RETURN_TYPE = YES_ERROR;
				GCC_WARN_UNDECLARED_SELECTOR = YES;
				GCC_WARN_UNINITIALIZED_AUTOS = YES_AGGRESSIVE;
				GCC_WARN_UNUSED_FUNCTION = YES;
				GCC_WARN_UNUSED_VARIABLE = YES;
				LOCALIZATION_PREFERS_STRING_CATALOGS = YES;
				MTL_ENABLE_DEBUG_INFO = INCLUDE_SOURCE;
				MTL_FAST_MATH = YES;
				ONLY_ACTIVE_ARCH = YES;
				SWIFT_ACTIVE_COMPILATION_CONDITIONS = "DEBUG $(inherited)";
				SWIFT_OPTIMIZATION_LEVEL = "-Onone";
			};
			name = Debug;
		};
		673019332E562DE20048092A /* Release */ = {
			isa = XCBuildConfiguration;
			buildSettings = {
				ALWAYS_SEARCH_USER_PATHS = NO;
				ASSETCATALOG_COMPILER_GENERATE_SWIFT_ASSET_SYMBOL_EXTENSIONS = YES;
				CLANG_ANALYZER_NONNULL = YES;
				CLANG_ANALYZER_NUMBER_OBJECT_CONVERSION = YES_AGGRESSIVE;
				CLANG_CXX_LANGUAGE_STANDARD = "gnu++20";
				CLANG_ENABLE_MODULES = YES;
				CLANG_ENABLE_OBJC_ARC = YES;
				CLANG_ENABLE_OBJC_WEAK = YES;
				CLANG_WARN_BLOCK_CAPTURE_AUTORELEASING = YES;
				CLANG_WARN_BOOL_CONVERSION = YES;
				CLANG_WARN_COMMA = YES;
				CLANG_WARN_CONSTANT_CONVERSION = YES;
				CLANG_WARN_DEPRECATED_OBJC_IMPLEMENTATIONS = YES;
				CLANG_WARN_DIRECT_OBJC_ISA_USAGE = YES_ERROR;
				CLANG_WARN_DOCUMENTATION_COMMENTS = YES;
				CLANG_WARN_EMPTY_BODY = YES;
				CLANG_WARN_ENUM_CONVERSION = YES;
				CLANG_WARN_INFINITE_RECURSION = YES;
				CLANG_WARN_INT_CONVERSION = YES;
				CLANG_WARN_NON_LITERAL_NULL_CONVERSION = YES;
				CLANG_WARN_OBJC_IMPLICIT_RETAIN_SELF = YES;
				CLANG_WARN_OBJC_LITERAL_CONVERSION = YES;
				CLANG_WARN_OBJC_ROOT_CLASS = YES_ERROR;
				CLANG_WARN_QUOTED_INCLUDE_IN_FRAMEWORK_HEADER = YES;
				CLANG_WARN_RANGE_LOOP_ANALYSIS = YES;
				CLANG_WARN_STRICT_PROTOTYPES = YES;
				CLANG_WARN_SUSPICIOUS_MOVE = YES;
				CLANG_WARN_UNGUARDED_AVAILABILITY = YES_AGGRESSIVE;
				CLANG_WARN_UNREACHABLE_CODE = YES;
				CLANG_WARN__DUPLICATE_METHOD_MATCH = YES;
				COPY_PHASE_STRIP = NO;
				DEBUG_INFORMATION_FORMAT = "dwarf-with-dsym";
				ENABLE_NS_ASSERTIONS = NO;
				ENABLE_STRICT_OBJC_MSGSEND = YES;
				ENABLE_USER_SCRIPT_SANDBOXING = YES;
				GCC_C_LANGUAGE_STANDARD = gnu17;
				GCC_NO_COMMON_BLOCKS = YES;
				GCC_WARN_64_TO_32_BIT_CONVERSION = YES;
				GCC_WARN_ABOUT_RETURN_TYPE = YES_ERROR;
				GCC_WARN_UNDECLARED_SELECTOR = YES;
				GCC_WARN_UNINITIALIZED_AUTOS = YES_AGGRESSIVE;
				GCC_WARN_UNUSED_FUNCTION = YES;
				GCC_WARN_UNUSED_VARIABLE = YES;
				LOCALIZATION_PREFERS_STRING_CATALOGS = YES;
				MTL_ENABLE_DEBUG_INFO = NO;
				MTL_FAST_MATH = YES;
				SWIFT_COMPILATION_MODE = wholemodule;
			};
			name = Release;
		};
		673019352E562DE20048092A /* Debug */ = {
			isa = XCBuildConfiguration;
			buildSettings = {
				ASSETCATALOG_COMPILER_APPICON_NAME = AppIcon;
				ASSETCATALOG_COMPILER_GLOBAL_ACCENT_COLOR_NAME = AccentColor;
				CODE_SIGN_STYLE = Automatic;
				CURRENT_PROJECT_VERSION = 1;
				ENABLE_PREVIEWS = YES;
				GENERATE_INFOPLIST_FILE = YES;
				INFOPLIST_KEY_CFBundleDisplayName = WavelengthWatchApp;
				INFOPLIST_KEY_UISupportedInterfaceOrientations = "UIInterfaceOrientationPortrait UIInterfaceOrientationPortraitUpsideDown";
				INFOPLIST_KEY_WKWatchOnly = YES;
				LD_RUNPATH_SEARCH_PATHS = (
					"$(inherited)",
					"@executable_path/Frameworks",
				);
				MARKETING_VERSION = 1.0;
				PRODUCT_BUNDLE_IDENTIFIER = guru.aptitude.WavelengthWatchApp.watchkitapp;
				PRODUCT_NAME = "$(TARGET_NAME)";
				SDKROOT = watchos;
				SKIP_INSTALL = YES;
				SWIFT_EMIT_LOC_STRINGS = YES;
				SWIFT_VERSION = 5.0;
				TARGETED_DEVICE_FAMILY = 4;
				WATCHOS_DEPLOYMENT_TARGET = 11.5;
			};
			name = Debug;
		};
		673019362E562DE20048092A /* Release */ = {
			isa = XCBuildConfiguration;
			buildSettings = {
				ASSETCATALOG_COMPILER_APPICON_NAME = AppIcon;
				ASSETCATALOG_COMPILER_GLOBAL_ACCENT_COLOR_NAME = AccentColor;
				CODE_SIGN_STYLE = Automatic;
				CURRENT_PROJECT_VERSION = 1;
				ENABLE_PREVIEWS = YES;
				GENERATE_INFOPLIST_FILE = YES;
				INFOPLIST_KEY_CFBundleDisplayName = WavelengthWatchApp;
				INFOPLIST_KEY_UISupportedInterfaceOrientations = "UIInterfaceOrientationPortrait UIInterfaceOrientationPortraitUpsideDown";
				INFOPLIST_KEY_WKWatchOnly = YES;
				LD_RUNPATH_SEARCH_PATHS = (
					"$(inherited)",
					"@executable_path/Frameworks",
				);
				MARKETING_VERSION = 1.0;
				PRODUCT_BUNDLE_IDENTIFIER = guru.aptitude.WavelengthWatchApp.watchkitapp;
				PRODUCT_NAME = "$(TARGET_NAME)";
				SDKROOT = watchos;
				SKIP_INSTALL = YES;
				SWIFT_EMIT_LOC_STRINGS = YES;
				SWIFT_VERSION = 5.0;
				TARGETED_DEVICE_FAMILY = 4;
				VALIDATE_PRODUCT = YES;
				WATCHOS_DEPLOYMENT_TARGET = 11.5;
			};
			name = Release;
		};
		673019392E562DE20048092A /* Debug */ = {
			isa = XCBuildConfiguration;
			buildSettings = {
				CODE_SIGN_STYLE = Automatic;
				CURRENT_PROJECT_VERSION = 1;
				INFOPLIST_KEY_CFBundleDisplayName = WavelengthWatchApp;
				MARKETING_VERSION = 1.0;
				PRODUCT_BUNDLE_IDENTIFIER = guru.aptitude.WavelengthWatchApp;
				PRODUCT_NAME = "$(TARGET_NAME)";
				SDKROOT = iphoneos;
				SWIFT_VERSION = 5.0;
			};
			name = Debug;
		};
		6730193A2E562DE20048092A /* Release */ = {
			isa = XCBuildConfiguration;
			buildSettings = {
				CODE_SIGN_STYLE = Automatic;
				CURRENT_PROJECT_VERSION = 1;
				INFOPLIST_KEY_CFBundleDisplayName = WavelengthWatchApp;
				MARKETING_VERSION = 1.0;
				PRODUCT_BUNDLE_IDENTIFIER = guru.aptitude.WavelengthWatchApp;
				PRODUCT_NAME = "$(TARGET_NAME)";
				SDKROOT = iphoneos;
				SWIFT_VERSION = 5.0;
				VALIDATE_PRODUCT = YES;
			};
			name = Release;
		};
		6730193C2E562DE20048092A /* Debug */ = {
			isa = XCBuildConfiguration;
			buildSettings = {
				BUNDLE_LOADER = "$(TEST_HOST)";
				CODE_SIGN_STYLE = Automatic;
				CURRENT_PROJECT_VERSION = 1;
				GENERATE_INFOPLIST_FILE = YES;
				MARKETING_VERSION = 1.0;
				PRODUCT_BUNDLE_IDENTIFIER = "guru.aptitude.WavelengthWatchApp-Watch-AppTests";
				PRODUCT_NAME = "$(TARGET_NAME)";
				SDKROOT = watchos;
				SWIFT_EMIT_LOC_STRINGS = NO;
				SWIFT_VERSION = 5.0;
				TARGETED_DEVICE_FAMILY = 4;
				TEST_HOST = "$(BUILT_PRODUCTS_DIR)/WavelengthWatchApp Watch App.app/$(BUNDLE_EXECUTABLE_FOLDER_PATH)/WavelengthWatchApp Watch App";
				WATCHOS_DEPLOYMENT_TARGET = 11.5;
			};
			name = Debug;
		};
		6730193D2E562DE20048092A /* Release */ = {
			isa = XCBuildConfiguration;
			buildSettings = {
				BUNDLE_LOADER = "$(TEST_HOST)";
				CODE_SIGN_STYLE = Automatic;
				CURRENT_PROJECT_VERSION = 1;
				GENERATE_INFOPLIST_FILE = YES;
				MARKETING_VERSION = 1.0;
				PRODUCT_BUNDLE_IDENTIFIER = "guru.aptitude.WavelengthWatchApp-Watch-AppTests";
				PRODUCT_NAME = "$(TARGET_NAME)";
				SDKROOT = watchos;
				SWIFT_EMIT_LOC_STRINGS = NO;
				SWIFT_VERSION = 5.0;
				TARGETED_DEVICE_FAMILY = 4;
				TEST_HOST = "$(BUILT_PRODUCTS_DIR)/WavelengthWatchApp Watch App.app/$(BUNDLE_EXECUTABLE_FOLDER_PATH)/WavelengthWatchApp Watch App";
				VALIDATE_PRODUCT = YES;
				WATCHOS_DEPLOYMENT_TARGET = 11.5;
			};
			name = Release;
		};
		6730193F2E562DE20048092A /* Debug */ = {
			isa = XCBuildConfiguration;
			buildSettings = {
				CODE_SIGN_STYLE = Automatic;
				CURRENT_PROJECT_VERSION = 1;
				GENERATE_INFOPLIST_FILE = YES;
				MARKETING_VERSION = 1.0;
				PRODUCT_BUNDLE_IDENTIFIER = "guru.aptitude.WavelengthWatchApp-Watch-AppUITests";
				PRODUCT_NAME = "$(TARGET_NAME)";
				SDKROOT = watchos;
				SWIFT_EMIT_LOC_STRINGS = NO;
				SWIFT_VERSION = 5.0;
				TARGETED_DEVICE_FAMILY = 4;
				TEST_TARGET_NAME = "WavelengthWatchApp Watch App";
				WATCHOS_DEPLOYMENT_TARGET = 11.5;
			};
			name = Debug;
		};
		673019402E562DE20048092A /* Release */ = {
			isa = XCBuildConfiguration;
			buildSettings = {
				CODE_SIGN_STYLE = Automatic;
				CURRENT_PROJECT_VERSION = 1;
				GENERATE_INFOPLIST_FILE = YES;
				MARKETING_VERSION = 1.0;
				PRODUCT_BUNDLE_IDENTIFIER = "guru.aptitude.WavelengthWatchApp-Watch-AppUITests";
				PRODUCT_NAME = "$(TARGET_NAME)";
				SDKROOT = watchos;
				SWIFT_EMIT_LOC_STRINGS = NO;
				SWIFT_VERSION = 5.0;
				TARGETED_DEVICE_FAMILY = 4;
				TEST_TARGET_NAME = "WavelengthWatchApp Watch App";
				VALIDATE_PRODUCT = YES;
				WATCHOS_DEPLOYMENT_TARGET = 11.5;
			};
			name = Release;
		};
/* End XCBuildConfiguration section */

/* Begin XCConfigurationList section */
		673019082E562DE10048092A /* Build configuration list for PBXProject "WavelengthWatchApp" */ = {
			isa = XCConfigurationList;
			buildConfigurations = (
				673019322E562DE20048092A /* Debug */,
				673019332E562DE20048092A /* Release */,
			);
			defaultConfigurationIsVisible = 0;
			defaultConfigurationName = Release;
		};
		673019342E562DE20048092A /* Build configuration list for PBXNativeTarget "WavelengthWatchApp Watch App" */ = {
			isa = XCConfigurationList;
			buildConfigurations = (
				673019352E562DE20048092A /* Debug */,
				673019362E562DE20048092A /* Release */,
			);
			defaultConfigurationIsVisible = 0;
			defaultConfigurationName = Release;
		};
		673019382E562DE20048092A /* Build configuration list for PBXNativeTarget "WavelengthWatchApp" */ = {
			isa = XCConfigurationList;
			buildConfigurations = (
				673019392E562DE20048092A /* Debug */,
				6730193A2E562DE20048092A /* Release */,
			);
			defaultConfigurationIsVisible = 0;
			defaultConfigurationName = Release;
		};
		6730193B2E562DE20048092A /* Build configuration list for PBXNativeTarget "WavelengthWatchApp Watch AppTests" */ = {
			isa = XCConfigurationList;
			buildConfigurations = (
				6730193C2E562DE20048092A /* Debug */,
				6730193D2E562DE20048092A /* Release */,
			);
			defaultConfigurationIsVisible = 0;
			defaultConfigurationName = Release;
		};
		6730193E2E562DE20048092A /* Build configuration list for PBXNativeTarget "WavelengthWatchApp Watch AppUITests" */ = {
			isa = XCConfigurationList;
			buildConfigurations = (
				6730193F2E562DE20048092A /* Debug */,
				673019402E562DE20048092A /* Release */,
			);
			defaultConfigurationIsVisible = 0;
			defaultConfigurationName = Release;
		};
/* End XCConfigurationList section */
	};
	rootObject = 673019052E562DE10048092A /* Project object */;
}
